
Microsoft Visual Studio Solution File, Format Version 12.00
# Visual Studio Version 17
VisualStudioVersion = 17.2.32616.157
MinimumVisualStudioVersion = 10.0.40219.1
Project("{9A19103F-16F7-4668-BE54-9A1E7A4F7556}") = "BlazorChooseYourOwnAdventure.Server", "BlazorChooseYourOwnAdventure\Server\BlazorChooseYourOwnAdventure.Server.csproj", "{C011143C-E35D-4F7D-8D65-928B5A6CCBA3}"
EndProject
Project("{9A19103F-16F7-4668-BE54-9A1E7A4F7556}") = "BlazorChooseYourOwnAdventure.Client", "BlazorChooseYourOwnAdventure\Client\BlazorChooseYourOwnAdventure.Client.csproj", "{78B82F65-8EDC-49AD-A9AB-96CEE84A783F}"
EndProject
Project("{9A19103F-16F7-4668-BE54-9A1E7A4F7556}") = "BlazorChooseYourOwnAdventure.Shared", "BlazorChooseYourOwnAdventure\Shared\BlazorChooseYourOwnAdventure.Shared.csproj", "{3131B4A8-8976-4409-B09E-0EDD9A3E6833}"
EndProject
Global
	GlobalSection(SolutionConfigurationPlatforms) = preSolution
		Debug|Any CPU = Debug|Any CPU
		Release|Any CPU = Release|Any CPU
	EndGlobalSection
	GlobalSection(ProjectConfigurationPlatforms) = postSolution
		{C011143C-E35D-4F7D-8D65-928B5A6CCBA3}.Debug|Any CPU.ActiveCfg = Debug|Any CPU
		{C011143C-E35D-4F7D-8D65-928B5A6CCBA3}.Debug|Any CPU.Build.0 = Debug|Any CPU
		{C011143C-E35D-4F7D-8D65-928B5A6CCBA3}.Release|Any CPU.ActiveCfg = Release|Any CPU
		{C011143C-E35D-4F7D-8D65-928B5A6CCBA3}.Release|Any CPU.Build.0 = Release|Any CPU
		{78B82F65-8EDC-49AD-A9AB-96CEE84A783F}.Debug|Any CPU.ActiveCfg = Debug|Any CPU
		{78B82F65-8EDC-49AD-A9AB-96CEE84A783F}.Debug|Any CPU.Build.0 = Debug|Any CPU
		{78B82F65-8EDC-49AD-A9AB-96CEE84A783F}.Release|Any CPU.ActiveCfg = Release|Any CPU
		{78B82F65-8EDC-49AD-A9AB-96CEE84A783F}.Release|Any CPU.Build.0 = Release|Any CPU
		{3131B4A8-8976-4409-B09E-0EDD9A3E6833}.Debug|Any CPU.ActiveCfg = Debug|Any CPU
		{3131B4A8-8976-4409-B09E-0EDD9A3E6833}.Debug|Any CPU.Build.0 = Debug|Any CPU
		{3131B4A8-8976-4409-B09E-0EDD9A3E6833}.Release|Any CPU.ActiveCfg = Release|Any CPU
		{3131B4A8-8976-4409-B09E-0EDD9A3E6833}.Release|Any CPU.Build.0 = Release|Any CPU
	EndGlobalSection
	GlobalSection(SolutionProperties) = preSolution
		HideSolutionNode = FALSE
	EndGlobalSection
	GlobalSection(ExtensibilityGlobals) = postSolution
		SolutionGuid = {4CA571C5-56D3-41AC-8C3B-2B00991AD936}
	EndGlobalSection
EndGlobal
